
Microsoft Visual Studio Solution File, Format Version 12.00
Project("{FAE04EC0-301F-11D3-BF4B-00C04F79EFBC}") = "OrderManager", "OrderManager\OrderManager.csproj", "{2EA64AB7-8E1E-4030-90EC-F96821124FDA}"
EndProject
Global
	GlobalSection(SolutionConfigurationPlatforms) = preSolution
		Debug|Any CPU = Debug|Any CPU
		Release|Any CPU = Release|Any CPU
	EndGlobalSection
	GlobalSection(ProjectConfigurationPlatforms) = postSolution
		{2EA64AB7-8E1E-4030-90EC-F96821124FDA}.Debug|Any CPU.ActiveCfg = Debug|Any CPU
		{2EA64AB7-8E1E-4030-90EC-F96821124FDA}.Debug|Any CPU.Build.0 = Debug|Any CPU
		{2EA64AB7-8E1E-4030-90EC-F96821124FDA}.Release|Any CPU.ActiveCfg = Release|Any CPU
		{2EA64AB7-8E1E-4030-90EC-F96821124FDA}.Release|Any CPU.Build.0 = Release|Any CPU
	EndGlobalSection
EndGlobal
